
Microsoft Visual Studio Solution File, Format Version 12.00
# Visual Studio Version 17
VisualStudioVersion = 17.9.34728.123
MinimumVisualStudioVersion = 10.0.40219.1
Project("{FAE04EC0-301F-11D3-BF4B-00C04F79EFBC}") = "SWP391API", "SWP391API\SWP391API.csproj", "{32AB6B99-E3EE-427A-9261-DBB4FB0B2BC6}"
EndProject
Project("{FAE04EC0-301F-11D3-BF4B-00C04F79EFBC}") = "OrchidBusinessObjects", "OrchidBusinessObjects\OrchidBusinessObjects.csproj", "{50E4BD0A-E43A-49D7-81B1-DC32F27E88E4}"
EndProject
Project("{FAE04EC0-301F-11D3-BF4B-00C04F79EFBC}") = "OrchidDAOs", "OrchidDAOs\OrchidDAOs.csproj", "{73321717-D835-4641-983D-B54994557CF0}"
EndProject
Project("{FAE04EC0-301F-11D3-BF4B-00C04F79EFBC}") = "OrchidRepositories", "OrchidRepositories\OrchidRepositories.csproj", "{DBF32AD9-582E-4334-A545-A72CF4A77E2C}"
EndProject
Project("{FAE04EC0-301F-11D3-BF4B-00C04F79EFBC}") = "OrchidServices", "OrchidServices\OrchidServices.csproj", "{4C5B7642-FF38-4D77-9951-EB0C455BBF4E}"
EndProject
Global
	GlobalSection(SolutionConfigurationPlatforms) = preSolution
		Debug|Any CPU = Debug|Any CPU
		Release|Any CPU = Release|Any CPU
	EndGlobalSection
	GlobalSection(ProjectConfigurationPlatforms) = postSolution
		{32AB6B99-E3EE-427A-9261-DBB4FB0B2BC6}.Debug|Any CPU.ActiveCfg = Debug|Any CPU
		{32AB6B99-E3EE-427A-9261-DBB4FB0B2BC6}.Debug|Any CPU.Build.0 = Debug|Any CPU
		{32AB6B99-E3EE-427A-9261-DBB4FB0B2BC6}.Release|Any CPU.ActiveCfg = Release|Any CPU
		{32AB6B99-E3EE-427A-9261-DBB4FB0B2BC6}.Release|Any CPU.Build.0 = Release|Any CPU
		{50E4BD0A-E43A-49D7-81B1-DC32F27E88E4}.Debug|Any CPU.ActiveCfg = Debug|Any CPU
		{50E4BD0A-E43A-49D7-81B1-DC32F27E88E4}.Debug|Any CPU.Build.0 = Debug|Any CPU
		{50E4BD0A-E43A-49D7-81B1-DC32F27E88E4}.Release|Any CPU.ActiveCfg = Release|Any CPU
		{50E4BD0A-E43A-49D7-81B1-DC32F27E88E4}.Release|Any CPU.Build.0 = Release|Any CPU
		{73321717-D835-4641-983D-B54994557CF0}.Debug|Any CPU.ActiveCfg = Debug|Any CPU
		{73321717-D835-4641-983D-B54994557CF0}.Debug|Any CPU.Build.0 = Debug|Any CPU
		{73321717-D835-4641-983D-B54994557CF0}.Release|Any CPU.ActiveCfg = Release|Any CPU
		{73321717-D835-4641-983D-B54994557CF0}.Release|Any CPU.Build.0 = Release|Any CPU
		{DBF32AD9-582E-4334-A545-A72CF4A77E2C}.Debug|Any CPU.ActiveCfg = Debug|Any CPU
		{DBF32AD9-582E-4334-A545-A72CF4A77E2C}.Debug|Any CPU.Build.0 = Debug|Any CPU
		{DBF32AD9-582E-4334-A545-A72CF4A77E2C}.Release|Any CPU.ActiveCfg = Release|Any CPU
		{DBF32AD9-582E-4334-A545-A72CF4A77E2C}.Release|Any CPU.Build.0 = Release|Any CPU
		{4C5B7642-FF38-4D77-9951-EB0C455BBF4E}.Debug|Any CPU.ActiveCfg = Debug|Any CPU
		{4C5B7642-FF38-4D77-9951-EB0C455BBF4E}.Debug|Any CPU.Build.0 = Debug|Any CPU
		{4C5B7642-FF38-4D77-9951-EB0C455BBF4E}.Release|Any CPU.ActiveCfg = Release|Any CPU
		{4C5B7642-FF38-4D77-9951-EB0C455BBF4E}.Release|Any CPU.Build.0 = Release|Any CPU
	EndGlobalSection
	GlobalSection(SolutionProperties) = preSolution
		HideSolutionNode = FALSE
	EndGlobalSection
	GlobalSection(ExtensibilityGlobals) = postSolution
		SolutionGuid = {BA807AD5-C5D0-41C3-AA4A-7FFBAACFC9AE}
	EndGlobalSection
EndGlobal
